
Microsoft Visual Studio Solution File, Format Version 12.00
# Visual Studio Version 16
VisualStudioVersion = 16.0.29215.179
MinimumVisualStudioVersion = 10.0.40219.1
Project("{FAE04EC0-301F-11D3-BF4B-00C04F79EFBC}") = "LearnASPWebForm", "LearnASPWebForm\LearnASPWebForm.csproj", "{3A60785D-E0DE-4FA9-802A-39ADFD2435D7}"
EndProject
Global
	GlobalSection(SolutionConfigurationPlatforms) = preSolution
		Debug|Any CPU = Debug|Any CPU
		Release|Any CPU = Release|Any CPU
	EndGlobalSection
	GlobalSection(ProjectConfigurationPlatforms) = postSolution
		{3A60785D-E0DE-4FA9-802A-39ADFD2435D7}.Debug|Any CPU.ActiveCfg = Debug|Any CPU
		{3A60785D-E0DE-4FA9-802A-39ADFD2435D7}.Debug|Any CPU.Build.0 = Debug|Any CPU
		{3A60785D-E0DE-4FA9-802A-39ADFD2435D7}.Release|Any CPU.ActiveCfg = Release|Any CPU
		{3A60785D-E0DE-4FA9-802A-39ADFD2435D7}.Release|Any CPU.Build.0 = Release|Any CPU
	EndGlobalSection
	GlobalSection(SolutionProperties) = preSolution
		HideSolutionNode = FALSE
	EndGlobalSection
	GlobalSection(ExtensibilityGlobals) = postSolution
		SolutionGuid = {01FF3BF4-388D-40E6-A329-077166D90330}
	EndGlobalSection
EndGlobal
